Microsoft Visual Studio Solution File, Format Version 12.00
# Visual Studio Version 17
VisualStudioVersion = 17.5.2.0
MinimumVisualStudioVersion = 10.0.40219.1
Project("{FAE04EC0-301F-11D3-BF4B-00C04F79EFBC}") = "EduAIAPI", "EduAIAPI.csproj", "{6557D249-37CD-FCBF-AC53-7A002B8490CE}"
EndProject
Global
	GlobalSection(SolutionConfigurationPlatforms) = preSolution
		Debug|Any CPU = Debug|Any CPU
		Release|Any CPU = Release|Any CPU
	EndGlobalSection
	GlobalSection(ProjectConfigurationPlatforms) = postSolution
		{6557D249-37CD-FCBF-AC53-7A002B8490CE}.Debug|Any CPU.ActiveCfg = Debug|Any CPU
		{6557D249-37CD-FCBF-AC53-7A002B8490CE}.Debug|Any CPU.Build.0 = Debug|Any CPU
		{6557D249-37CD-FCBF-AC53-7A002B8490CE}.Release|Any CPU.ActiveCfg = Release|Any CPU
		{6557D249-37CD-FCBF-AC53-7A002B8490CE}.Release|Any CPU.Build.0 = Release|Any CPU
	EndGlobalSection
	GlobalSection(SolutionProperties) = preSolution
		HideSolutionNode = FALSE
	EndGlobalSection
	GlobalSection(ExtensibilityGlobals) = postSolution
		SolutionGuid = {6F4F66AA-3AA0-4756-A31D-14503BC0325F}
	EndGlobalSection
EndGlobal
